// !$*UTF8*$!
{
	archiveVersion = 1;
	classes = {
	};
	objectVersion = 48;
	objects = {

/* Begin PBXBuildFile section */
		17E87228E06BE4A6F1799BF4 /* Pods_segundoitoverdadero.framework in Frameworks */ = {isa = PBXBuildFile; fileRef = 2B29493C9489597CE6EE91D5 /* Pods_segundoitoverdadero.framework */; };
		C7086E0B208FBCA20005B4FE /* miPerfil.swift in Sources */ = {isa = PBXBuildFile; fileRef = C7086E0A208FBCA20005B4FE /* miPerfil.swift */; };
		C711DC8A20863F9800DBF05F /* VCRegistrer.swift in Sources */ = {isa = PBXBuildFile; fileRef = C711DC8920863F9800DBF05F /* VCRegistrer.swift */; };
		C711DC8C2086488100DBF05F /* VCPrincipal.swift in Sources */ = {isa = PBXBuildFile; fileRef = C711DC8B2086488100DBF05F /* VCPrincipal.swift */; };
		C711DC8E20866B1700DBF05F /* TVCMiCelda.swift in Sources */ = {isa = PBXBuildFile; fileRef = C711DC8D20866B1700DBF05F /* TVCMiCelda.swift */; };
		C713EFA220AF55EB00C47B6A /* VCSelectimg.swift in Sources */ = {isa = PBXBuildFile; fileRef = C713EFA120AF55EB00C47B6A /* VCSelectimg.swift */; };
		C7161CB42088EE16009BAA87 /* GoogleService-Info.plist in Resources */ = {isa = PBXBuildFile; fileRef = C7161CB32088EE16009BAA87 /* GoogleService-Info.plist */; };
		C75059C320879F9900EEA507 /* VCColeccionViewController.swift in Sources */ = {isa = PBXBuildFile; fileRef = C75059C220879F9900EEA507 /* VCColeccionViewController.swift */; };
		C75059C52087B36700EEA507 /* CVCMiCelda2.swift in Sources */ = {isa = PBXBuildFile; fileRef = C75059C42087B36700EEA507 /* CVCMiCelda2.swift */; };
		C75059C72087CDF400EEA507 /* potenciar-cerebro_0.jpg in Resources */ = {isa = PBXBuildFile; fileRef = C75059C62087CDF400EEA507 /* potenciar-cerebro_0.jpg */; };
		C75059C92087D3E000EEA507 /* DataHolder.swift in Sources */ = {isa = PBXBuildFile; fileRef = C75059C82087D3E000EEA507 /* DataHolder.swift */; };
		C75452FD20AE0C180091E4AA /* NuevoTexFild.swift in Sources */ = {isa = PBXBuildFile; fileRef = C75452FC20AE0C180091E4AA /* NuevoTexFild.swift */; };
		C75EA8FE209B988500C9C09D /* Coche.swift in Sources */ = {isa = PBXBuildFile; fileRef = C75EA8FD209B988500C9C09D /* Coche.swift */; };
		C7669D14208A1458002F2EF2 /* LocationAdmin.swift in Sources */ = {isa = PBXBuildFile; fileRef = C7669D13208A1458002F2EF2 /* LocationAdmin.swift */; };
		C7669D16208A3747002F2EF2 /* MapKit.framework in Frameworks */ = {isa = PBXBuildFile; fileRef = C7669D15208A3747002F2EF2 /* MapKit.framework */; };
		C7669D18208A3805002F2EF2 /* VCMapa.swift in Sources */ = {isa = PBXBuildFile; fileRef = C7669D17208A3805002F2EF2 /* VCMapa.swift */; };
		C76D31532080FD4700CAFC05 /* AppDelegate.swift in Sources */ = {isa = PBXBuildFile; fileRef = C76D31522080FD4700CAFC05 /* AppDelegate.swift */; };
		C76D31552080FD4700CAFC05 /* ViewController.swift in Sources */ = {isa = PBXBuildFile; fileRef = C76D31542080FD4700CAFC05 /* ViewController.swift */; };
		C76D31582080FD4700CAFC05 /* Main.storyboard in Resources */ = {isa = PBXBuildFile; fileRef = C76D31562080FD4700CAFC05 /* Main.storyboard */; };
		C76D315A2080FD4700CAFC05 /* Assets.xcassets in Resources */ = {isa = PBXBuildFile; fileRef = C76D31592080FD4700CAFC05 /* Assets.xcassets */; };
		C76D315D2080FD4700CAFC05 /* LaunchScreen.storyboard in Resources */ = {isa = PBXBuildFile; fileRef = C76D315B2080FD4700CAFC05 /* LaunchScreen.storyboard */; };
		C7F4990D20A49803004BB274 /* Cyty.swift in Sources */ = {isa = PBXBuildFile; fileRef = C7F4990C20A49803004BB274 /* Cyty.swift */; };
/* End PBXBuildFile section */

/* Begin PBXContainerItemProxy section */
		C76D31642080FD4700CAFC05 /* PBXContainerItemProxy */ = {
			isa = PBXContainerItemProxy;
			containerPortal = C76D31472080FD4700CAFC05 /* Project object */;
			proxyType = 1;
			remoteGlobalIDString = C76D314E2080FD4700CAFC05;
			remoteInfo = segundoitoverdadero;
		};
		C76D316F2080FD4700CAFC05 /* PBXContainerItemProxy */ = {
			isa = PBXContainerItemProxy;
			containerPortal = C76D31472080FD4700CAFC05 /* Project object */;
			proxyType = 1;
			remoteGlobalIDString = C76D314E2080FD4700CAFC05;
			remoteInfo = segundoitoverdadero;
		};
/* End PBXContainerItemProxy section */

/* Begin PBXFileReference section */
		0C9A72A8A26E0DAEEF5F39CA /* Pods_segundoitoverdaderoTests.framework */ = {isa = PBXFileReference; explicitFileType = wrapper.framework; includeInIndex = 0; path = Pods_segundoitoverdaderoTests.framework; sourceTree = BUILT_PRODUCTS_DIR; };
		2B29493C9489597CE6EE91D5 /* Pods_segundoitoverdadero.framework */ = {isa = PBXFileReference; explicitFileType = wrapper.framework; includeInIndex = 0; path = Pods_segundoitoverdadero.framework; sourceTree = BUILT_PRODUCTS_DIR; };
		76E62AAF6DCE2296B647B437 /* Pods_segundoitoverdaderoUITests.framework */ = {isa = PBXFileReference; explicitFileType = wrapper.framework; includeInIndex = 0; path = Pods_segundoitoverdaderoUITests.framework; sourceTree = BUILT_PRODUCTS_DIR; };
		9695061AB3D9D75B7CFEFBFB /* Pods-segundoitoverdadero.release.xcconfig */ = {isa = PBXFileReference; includeInIndex = 1; lastKnownFileType = text.xcconfig; name = "Pods-segundoitoverdadero.release.xcconfig"; path = "Pods/Target Support Files/Pods-segundoitoverdadero/Pods-segundoitoverdadero.release.xcconfig"; sourceTree = "<group>"; };
		A5294C741A29637440E28F1A /* Pods-segundoitoverdadero.debug.xcconfig */ = {isa = PBXFileReference; includeInIndex = 1; lastKnownFileType = text.xcconfig; name = "Pods-segundoitoverdadero.debug.xcconfig"; path = "Pods/Target Support Files/Pods-segundoitoverdadero/Pods-segundoitoverdadero.debug.xcconfig"; sourceTree = "<group>"; };
		C7086E0A208FBCA20005B4FE /* miPerfil.swift */ = {isa = PBXFileReference; lastKnownFileType = sourcecode.swift; path = miPerfil.swift; sourceTree = "<group>"; };
		C711DC8920863F9800DBF05F /* VCRegistrer.swift */ = {isa = PBXFileReference; lastKnownFileType = sourcecode.swift; path = VCRegistrer.swift; sourceTree = "<group>"; };
		C711DC8B2086488100DBF05F /* VCPrincipal.swift */ = {isa = PBXFileReference; lastKnownFileType = sourcecode.swift; path = VCPrincipal.swift; sourceTree = "<group>"; };
		C711DC8D20866B1700DBF05F /* TVCMiCelda.swift */ = {isa = PBXFileReference; lastKnownFileType = sourcecode.swift; path = TVCMiCelda.swift; sourceTree = "<group>"; };
		C713EFA120AF55EB00C47B6A /* VCSelectimg.swift */ = {isa = PBXFileReference; lastKnownFileType = sourcecode.swift; path = VCSelectimg.swift; sourceTree = "<group>"; };
		C7161CB32088EE16009BAA87 /* GoogleService-Info.plist */ = {isa = PBXFileReference; fileEncoding = 4; lastKnownFileType = text.plist.xml; path = "GoogleService-Info.plist"; sourceTree = "<group>"; };
		C75059C220879F9900EEA507 /* VCColeccionViewController.swift */ = {isa = PBXFileReference; lastKnownFileType = sourcecode.swift; path = VCColeccionViewController.swift; sourceTree = "<group>"; };
		C75059C42087B36700EEA507 /* CVCMiCelda2.swift */ = {isa = PBXFileReference; lastKnownFileType = sourcecode.swift; path = CVCMiCelda2.swift; sourceTree = "<group>"; };
		C75059C62087CDF400EEA507 /* potenciar-cerebro_0.jpg */ = {isa = PBXFileReference; lastKnownFileType = image.jpeg; path = "potenciar-cerebro_0.jpg"; sourceTree = SOURCE_ROOT; };
		C75059C82087D3E000EEA507 /* DataHolder.swift */ = {isa = PBXFileReference; lastKnownFileType = sourcecode.swift; path = DataHolder.swift; sourceTree = "<group>"; };
		C75452FC20AE0C180091E4AA /* NuevoTexFild.swift */ = {isa = PBXFileReference; lastKnownFileType = sourcecode.swift; path = NuevoTexFild.swift; sourceTree = "<group>"; };
		C75EA8FD209B988500C9C09D /* Coche.swift */ = {isa = PBXFileReference; lastKnownFileType = sourcecode.swift; path = Coche.swift; sourceTree = "<group>"; };
		C7669D13208A1458002F2EF2 /* LocationAdmin.swift */ = {isa = PBXFileReference; lastKnownFileType = sourcecode.swift; path = LocationAdmin.swift; sourceTree = "<group>"; };
		C7669D15208A3747002F2EF2 /* MapKit.framework */ = {isa = PBXFileReference; lastKnownFileType = wrapper.framework; name = MapKit.framework; path = System/Library/Frameworks/MapKit.framework; sourceTree = SDKROOT; };
		C7669D17208A3805002F2EF2 /* VCMapa.swift */ = {isa = PBXFileReference; lastKnownFileType = sourcecode.swift; path = VCMapa.swift; sourceTree = "<group>"; };
		C76D314F2080FD4700CAFC05 /* segundoitoverdadero.app */ = {isa = PBXFileReference; explicitFileType = wrapper.application; includeInIndex = 0; path = segundoitoverdadero.app; sourceTree = BUILT_PRODUCTS_DIR; };
		C76D31522080FD4700CAFC05 /* AppDelegate.swift */ = {isa = PBXFileReference; lastKnownFileType = sourcecode.swift; path = AppDelegate.swift; sourceTree = "<group>"; };
		C76D31542080FD4700CAFC05 /* ViewController.swift */ = {isa = PBXFileReference; lastKnownFileType = sourcecode.swift; path = ViewController.swift; sourceTree = "<group>"; };
		C76D31572080FD4700CAFC05 /* Base */ = {isa = PBXFileReference; lastKnownFileType = file.storyboard; name = Base; path = Base.lproj/Main.storyboard; sourceTree = "<group>"; };
		C76D31592080FD4700CAFC05 /* Assets.xcassets */ = {isa = PBXFileReference; lastKnownFileType = folder.assetcatalog; path = Assets.xcassets; sourceTree = "<group>"; };
		C76D315C2080FD4700CAFC05 /* Base */ = {isa = PBXFileReference; lastKnownFileType = file.storyboard; name = Base; path = Base.lproj/LaunchScreen.storyboard; sourceTree = "<group>"; };
		C76D315E2080FD4700CAFC05 /* Info.plist */ = {isa = PBXFileReference; lastKnownFileType = text.plist.xml; path = Info.plist; sourceTree = "<group>"; };
		C76D31632080FD4700CAFC05 /* segundoitoverdaderoTests.xctest */ = {isa = PBXFileReference; explicitFileType = wrapper.cfbundle; includeInIndex = 0; path = segundoitoverdaderoTests.xctest; sourceTree = BUILT_PRODUCTS_DIR; };
		C76D316E2080FD4700CAFC05 /* segundoitoverdaderoUITests.xctest */ = {isa = PBXFileReference; explicitFileType = wrapper.cfbundle; includeInIndex = 0; path = segundoitoverdaderoUITests.xctest; sourceTree = BUILT_PRODUCTS_DIR; };
		C7F4990C20A49803004BB274 /* Cyty.swift */ = {isa = PBXFileReference; lastKnownFileType = sourcecode.swift; path = Cyty.swift; sourceTree = "<group>"; };
/* End PBXFileReference section */

/* Begin PBXFrameworksBuildPhase section */
		C76D314C2080FD4700CAFC05 /* Frameworks */ = {
			isa = PBXFrameworksBuildPhase;
			buildActionMask = 2147483647;
			files = (
				C7669D16208A3747002F2EF2 /* MapKit.framework in Frameworks */,
				17E87228E06BE4A6F1799BF4 /* Pods_segundoitoverdadero.framework in Frameworks */,
			);
			runOnlyForDeploymentPostprocessing = 0;
		};
		C76D31602080FD4700CAFC05 /* Frameworks */ = {
			isa = PBXFrameworksBuildPhase;
			buildActionMask = 2147483647;
			files = (
			);
			runOnlyForDeploymentPostprocessing = 0;
		};
		C76D316B2080FD4700CAFC05 /* Frameworks */ = {
			isa = PBXFrameworksBuildPhase;
			buildActionMask = 2147483647;
			files = (
			);
			runOnlyForDeploymentPostprocessing = 0;
		};
/* End PBXFrameworksBuildPhase section */

/* Begin PBXGroup section */
		1CBEA7F7C9EE6ABBEC1B6502 /* Pods */ = {
			isa = PBXGroup;
			children = (
				A5294C741A29637440E28F1A /* Pods-segundoitoverdadero.debug.xcconfig */,
				9695061AB3D9D75B7CFEFBFB /* Pods-segundoitoverdadero.release.xcconfig */,
			);
			name = Pods;
			sourceTree = "<group>";
		};
		264BBBE3032989983CB81859 /* Frameworks */ = {
			isa = PBXGroup;
			children = (
				C7669D15208A3747002F2EF2 /* MapKit.framework */,
				2B29493C9489597CE6EE91D5 /* Pods_segundoitoverdadero.framework */,
				0C9A72A8A26E0DAEEF5F39CA /* Pods_segundoitoverdaderoTests.framework */,
				76E62AAF6DCE2296B647B437 /* Pods_segundoitoverdaderoUITests.framework */,
			);
			name = Frameworks;
			sourceTree = "<group>";
		};
		C76D31462080FD4700CAFC05 = {
			isa = PBXGroup;
			children = (
				C76D31512080FD4700CAFC05 /* segundoitoverdadero */,
				C76D31502080FD4700CAFC05 /* Products */,
				1CBEA7F7C9EE6ABBEC1B6502 /* Pods */,
				264BBBE3032989983CB81859 /* Frameworks */,
			);
			sourceTree = "<group>";
		};
		C76D31502080FD4700CAFC05 /* Products */ = {
			isa = PBXGroup;
			children = (
				C76D314F2080FD4700CAFC05 /* segundoitoverdadero.app */,
				C76D31632080FD4700CAFC05 /* segundoitoverdaderoTests.xctest */,
				C76D316E2080FD4700CAFC05 /* segundoitoverdaderoUITests.xctest */,
			);
			name = Products;
			sourceTree = "<group>";
		};
		C76D31512080FD4700CAFC05 /* segundoitoverdadero */ = {
			isa = PBXGroup;
			children = (
				C7161CB32088EE16009BAA87 /* GoogleService-Info.plist */,
				C75059C62087CDF400EEA507 /* potenciar-cerebro_0.jpg */,
				C76D31522080FD4700CAFC05 /* AppDelegate.swift */,
				C76D31542080FD4700CAFC05 /* ViewController.swift */,
				C76D31562080FD4700CAFC05 /* Main.storyboard */,
				C76D31592080FD4700CAFC05 /* Assets.xcassets */,
				C76D315B2080FD4700CAFC05 /* LaunchScreen.storyboard */,
				C76D315E2080FD4700CAFC05 /* Info.plist */,
				C711DC8920863F9800DBF05F /* VCRegistrer.swift */,
				C711DC8B2086488100DBF05F /* VCPrincipal.swift */,
				C711DC8D20866B1700DBF05F /* TVCMiCelda.swift */,
				C75059C220879F9900EEA507 /* VCColeccionViewController.swift */,
				C75059C42087B36700EEA507 /* CVCMiCelda2.swift */,
				C75059C82087D3E000EEA507 /* DataHolder.swift */,
				C7669D13208A1458002F2EF2 /* LocationAdmin.swift */,
				C7669D17208A3805002F2EF2 /* VCMapa.swift */,
				C7086E0A208FBCA20005B4FE /* miPerfil.swift */,
				C75EA8FD209B988500C9C09D /* Coche.swift */,
				C7F4990C20A49803004BB274 /* Cyty.swift */,
				C75452FC20AE0C180091E4AA /* NuevoTexFild.swift */,
				C713EFA120AF55EB00C47B6A /* VCSelectimg.swift */,
			);
			path = segundoitoverdadero;
			sourceTree = "<group>";
		};
/* End PBXGroup section */

/* Begin PBXNativeTarget section */
		C76D314E2080FD4700CAFC05 /* segundoitoverdadero */ = {
			isa = PBXNativeTarget;
			buildConfigurationList = C76D31772080FD4700CAFC05 /* Build configuration list for PBXNativeTarget "segundoitoverdadero" */;
			buildPhases = (
				8AFAB17FFD6371206D9C005F /* [CP] Check Pods Manifest.lock */,
				C76D314B2080FD4700CAFC05 /* Sources */,
				C76D314C2080FD4700CAFC05 /* Frameworks */,
				C76D314D2080FD4700CAFC05 /* Resources */,
				922CFFD2803E16E83220D312 /* [CP] Embed Pods Frameworks */,
				8A5EB0294F89D6D54202E9BA /* [CP] Copy Pods Resources */,
			);
			buildRules = (
			);
			dependencies = (
			);
			name = segundoitoverdadero;
			productName = segundoitoverdadero;
			productReference = C76D314F2080FD4700CAFC05 /* segundoitoverdadero.app */;
			productType = "com.apple.product-type.application";
		};
		C76D31622080FD4700CAFC05 /* segundoitoverdaderoTests */ = {
			isa = PBXNativeTarget;
			buildConfigurationList = C76D317A2080FD4700CAFC05 /* Build configuration list for PBXNativeTarget "segundoitoverdaderoTests" */;
			buildPhases = (
				C76D315F2080FD4700CAFC05 /* Sources */,
				C76D31602080FD4700CAFC05 /* Frameworks */,
				C76D31612080FD4700CAFC05 /* Resources */,
			);
			buildRules = (
			);
			dependencies = (
				C76D31652080FD4700CAFC05 /* PBXTargetDependency */,
			);
			name = segundoitoverdaderoTests;
			productName = segundoitoverdaderoTests;
			productReference = C76D31632080FD4700CAFC05 /* segundoitoverdaderoTests.xctest */;
			productType = "com.apple.product-type.bundle.unit-test";
		};
		C76D316D2080FD4700CAFC05 /* segundoitoverdaderoUITests */ = {
			isa = PBXNativeTarget;
			buildConfigurationList = C76D317D2080FD4700CAFC05 /* Build configuration list for PBXNativeTarget "segundoitoverdaderoUITests" */;
			buildPhases = (
				C76D316A2080FD4700CAFC05 /* Sources */,
				C76D316B2080FD4700CAFC05 /* Frameworks */,
				C76D316C2080FD4700CAFC05 /* Resources */,
			);
			buildRules = (
			);
			dependencies = (
				C76D31702080FD4700CAFC05 /* PBXTargetDependency */,
			);
			name = segundoitoverdaderoUITests;
			productName = segundoitoverdaderoUITests;
			productReference = C76D316E2080FD4700CAFC05 /* segundoitoverdaderoUITests.xctest */;
			productType = "com.apple.product-type.bundle.ui-testing";
		};
/* End PBXNativeTarget section */

/* Begin PBXProject section */
		C76D31472080FD4700CAFC05 /* Project object */ = {
			isa = PBXProject;
			attributes = {
				LastSwiftUpdateCheck = 0920;
				LastUpgradeCheck = 0920;
				ORGANIZATIONNAME = "JAVIER SÁNCHEZ RODRIGUEZ";
				TargetAttributes = {
					C76D314E2080FD4700CAFC05 = {
						CreatedOnToolsVersion = 9.2;
						ProvisioningStyle = Automatic;
						SystemCapabilities = {
							com.apple.Maps.iOS = {
								enabled = 1;
							};
						};
					};
					C76D31622080FD4700CAFC05 = {
						CreatedOnToolsVersion = 9.2;
						ProvisioningStyle = Automatic;
						TestTargetID = C76D314E2080FD4700CAFC05;
					};
					C76D316D2080FD4700CAFC05 = {
						CreatedOnToolsVersion = 9.2;
						ProvisioningStyle = Automatic;
						TestTargetID = C76D314E2080FD4700CAFC05;
					};
				};
			};
			buildConfigurationList = C76D314A2080FD4700CAFC05 /* Build configuration list for PBXProject "segundoitoverdadero" */;
			compatibilityVersion = "Xcode 8.0";
			developmentRegion = en;
			hasScannedForEncodings = 0;
			knownRegions = (
				en,
				Base,
			);
			mainGroup = C76D31462080FD4700CAFC05;
			productRefGroup = C76D31502080FD4700CAFC05 /* Products */;
			projectDirPath = "";
			projectRoot = "";
			targets = (
				C76D314E2080FD4700CAFC05 /* segundoitoverdadero */,
				C76D31622080FD4700CAFC05 /* segundoitoverdaderoTests */,
				C76D316D2080FD4700CAFC05 /* segundoitoverdaderoUITests */,
			);
		};
/* End PBXProject section */

/* Begin PBXResourcesBuildPhase section */
		C76D314D2080FD4700CAFC05 /* Resources */ = {
			isa = PBXResourcesBuildPhase;
			buildActionMask = 2147483647;
			files = (
				C76D315D2080FD4700CAFC05 /* LaunchScreen.storyboard in Resources */,
				C75059C72087CDF400EEA507 /* potenciar-cerebro_0.jpg in Resources */,
				C7161CB42088EE16009BAA87 /* GoogleService-Info.plist in Resources */,
				C76D315A2080FD4700CAFC05 /* Assets.xcassets in Resources */,
				C76D31582080FD4700CAFC05 /* Main.storyboard in Resources */,
			);
			runOnlyForDeploymentPostprocessing = 0;
		};
		C76D31612080FD4700CAFC05 /* Resources */ = {
			isa = PBXResourcesBuildPhase;
			buildActionMask = 2147483647;
			files = (
			);
			runOnlyForDeploymentPostprocessing = 0;
		};
		C76D316C2080FD4700CAFC05 /* Resources */ = {
			isa = PBXResourcesBuildPhase;
			buildActionMask = 2147483647;
			files = (
			);
			runOnlyForDeploymentPostprocessing = 0;
		};
/* End PBXResourcesBuildPhase section */

/* Begin PBXShellScriptBuildPhase section */
		8A5EB0294F89D6D54202E9BA /* [CP] Copy Pods Resources */ = {
			isa = PBXShellScriptBuildPhase;
			buildActionMask = 2147483647;
			files = (
			);
			inputPaths = (
			);
			name = "[CP] Copy Pods Resources";
			outputPaths = (
			);
			runOnlyForDeploymentPostprocessing = 0;
			shellPath = /bin/sh;
			shellScript = "\"${SRCROOT}/Pods/Target Support Files/Pods-segundoitoverdadero/Pods-segundoitoverdadero-resources.sh\"\n";
			showEnvVarsInLog = 0;
		};
		8AFAB17FFD6371206D9C005F /* [CP] Check Pods Manifest.lock */ = {
			isa = PBXShellScriptBuildPhase;
			buildActionMask = 2147483647;
			files = (
			);
			inputPaths = (
				"${PODS_PODFILE_DIR_PATH}/Podfile.lock",
				"${PODS_ROOT}/Manifest.lock",
			);
			name = "[CP] Check Pods Manifest.lock";
			outputPaths = (
				"$(DERIVED_FILE_DIR)/Pods-segundoitoverdadero-checkManifestLockResult.txt",
			);
			runOnlyForDeploymentPostprocessing = 0;
			shellPath = /bin/sh;
			shellScript = "diff \"${PODS_PODFILE_DIR_PATH}/Podfile.lock\" \"${PODS_ROOT}/Manifest.lock\" > /dev/null\nif [ $? != 0 ] ; then\n    # print error to STDERR\n    echo \"error: The sandbox is not in sync with the Podfile.lock. Run 'pod install' or update your CocoaPods installation.\" >&2\n    exit 1\nfi\n# This output is used by Xcode 'outputs' to avoid re-running this script phase.\necho \"SUCCESS\" > \"${SCRIPT_OUTPUT_FILE_0}\"\n";
			showEnvVarsInLog = 0;
		};
		922CFFD2803E16E83220D312 /* [CP] Embed Pods Frameworks */ = {
			isa = PBXShellScriptBuildPhase;
			buildActionMask = 2147483647;
			files = (
			);
			inputPaths = (
				"${SRCROOT}/Pods/Target Support Files/Pods-segundoitoverdadero/Pods-segundoitoverdadero-frameworks.sh",
				"${BUILT_PRODUCTS_DIR}/BoringSSL/openssl.framework",
				"${BUILT_PRODUCTS_DIR}/GTMSessionFetcher/GTMSessionFetcher.framework",
				"${BUILT_PRODUCTS_DIR}/GoogleToolboxForMac/GoogleToolboxForMac.framework",
				"${BUILT_PRODUCTS_DIR}/Protobuf/Protobuf.framework",
				"${BUILT_PRODUCTS_DIR}/gRPC/GRPCClient.framework",
				"${BUILT_PRODUCTS_DIR}/gRPC-Core/grpc.framework",
				"${BUILT_PRODUCTS_DIR}/gRPC-ProtoRPC/ProtoRPC.framework",
				"${BUILT_PRODUCTS_DIR}/gRPC-RxLibrary/RxLibrary.framework",
				"${BUILT_PRODUCTS_DIR}/leveldb-library/leveldb.framework",
				"${BUILT_PRODUCTS_DIR}/nanopb/nanopb.framework",
			);
			name = "[CP] Embed Pods Frameworks";
			outputPaths = (
				"${TARGET_BUILD_DIR}/${FRAMEWORKS_FOLDER_PATH}/openssl.framework",
				"${TARGET_BUILD_DIR}/${FRAMEWORKS_FOLDER_PATH}/GTMSessionFetcher.framework",
				"${TARGET_BUILD_DIR}/${FRAMEWORKS_FOLDER_PATH}/GoogleToolboxForMac.framework",
				"${TARGET_BUILD_DIR}/${FRAMEWORKS_FOLDER_PATH}/Protobuf.framework",
				"${TARGET_BUILD_DIR}/${FRAMEWORKS_FOLDER_PATH}/GRPCClient.framework",
				"${TARGET_BUILD_DIR}/${FRAMEWORKS_FOLDER_PATH}/grpc.framework",
				"${TARGET_BUILD_DIR}/${FRAMEWORKS_FOLDER_PATH}/ProtoRPC.framework",
				"${TARGET_BUILD_DIR}/${FRAMEWORKS_FOLDER_PATH}/RxLibrary.framework",
				"${TARGET_BUILD_DIR}/${FRAMEWORKS_FOLDER_PATH}/leveldb.framework",
				"${TARGET_BUILD_DIR}/${FRAMEWORKS_FOLDER_PATH}/nanopb.framework",
			);
			runOnlyForDeploymentPostprocessing = 0;
			shellPath = /bin/sh;
			shellScript = "\"${SRCROOT}/Pods/Target Support Files/Pods-segundoitoverdadero/Pods-segundoitoverdadero-frameworks.sh\"\n";
			showEnvVarsInLog = 0;
		};
/* End PBXShellScriptBuildPhase section */

/* Begin PBXSourcesBuildPhase section */
		C76D314B2080FD4700CAFC05 /* Sources */ = {
			isa = PBXSourcesBuildPhase;
			buildActionMask = 2147483647;
			files = (
				C713EFA220AF55EB00C47B6A /* VCSelectimg.swift in Sources */,
				C76D31552080FD4700CAFC05 /* ViewController.swift in Sources */,
				C7086E0B208FBCA20005B4FE /* miPerfil.swift in Sources */,
				C7669D18208A3805002F2EF2 /* VCMapa.swift in Sources */,
				C75059C52087B36700EEA507 /* CVCMiCelda2.swift in Sources */,
				C75EA8FE209B988500C9C09D /* Coche.swift in Sources */,
				C7669D14208A1458002F2EF2 /* LocationAdmin.swift in Sources */,
				C76D31532080FD4700CAFC05 /* AppDelegate.swift in Sources */,
				C75059C92087D3E000EEA507 /* DataHolder.swift in Sources */,
				C711DC8A20863F9800DBF05F /* VCRegistrer.swift in Sources */,
				C7F4990D20A49803004BB274 /* Cyty.swift in Sources */,
				C75452FD20AE0C180091E4AA /* NuevoTexFild.swift in Sources */,
				C75059C320879F9900EEA507 /* VCColeccionViewController.swift in Sources */,
				C711DC8E20866B1700DBF05F /* TVCMiCelda.swift in Sources */,
				C711DC8C2086488100DBF05F /* VCPrincipal.swift in Sources */,
			);
			runOnlyForDeploymentPostprocessing = 0;
		};
		C76D315F2080FD4700CAFC05 /* Sources */ = {
			isa = PBXSourcesBuildPhase;
			buildActionMask = 2147483647;
			files = (
			);
			runOnlyForDeploymentPostprocessing = 0;
		};
		C76D316A2080FD4700CAFC05 /* Sources */ = {
			isa = PBXSourcesBuildPhase;
			buildActionMask = 2147483647;
			files = (
			);
			runOnlyForDeploymentPostprocessing = 0;
		};
/* End PBXSourcesBuildPhase section */

/* Begin PBXTargetDependency section */
		C76D31652080FD4700CAFC05 /* PBXTargetDependency */ = {
			isa = PBXTargetDependency;
			target = C76D314E2080FD4700CAFC05 /* segundoitoverdadero */;
			targetProxy = C76D31642080FD4700CAFC05 /* PBXContainerItemProxy */;
		};
		C76D31702080FD4700CAFC05 /* PBXTargetDependency */ = {
			isa = PBXTargetDependency;
			target = C76D314E2080FD4700CAFC05 /* segundoitoverdadero */;
			targetProxy = C76D316F2080FD4700CAFC05 /* PBXContainerItemProxy */;
		};
/* End PBXTargetDependency section */

/* Begin PBXVariantGroup section */
		C76D31562080FD4700CAFC05 /* Main.storyboard */ = {
			isa = PBXVariantGroup;
			children = (
				C76D31572080FD4700CAFC05 /* Base */,
			);
			name = Main.storyboard;
			sourceTree = "<group>";
		};
		C76D315B2080FD4700CAFC05 /* LaunchScreen.storyboard */ = {
			isa = PBXVariantGroup;
			children = (
				C76D315C2080FD4700CAFC05 /* Base */,
			);
			name = LaunchScreen.storyboard;
			sourceTree = "<group>";
		};
/* End PBXVariantGroup section */

/* Begin XCBuildConfiguration section */
		C76D31752080FD4700CAFC05 /* Debug */ = {
			isa = XCBuildConfiguration;
			buildSettings = {
				ALWAYS_SEARCH_USER_PATHS = NO;
				CLANG_ANALYZER_NONNULL = YES;
				CLANG_ANALYZER_NUMBER_OBJECT_CONVERSION = YES_AGGRESSIVE;
				CLANG_CXX_LANGUAGE_STANDARD = "gnu++14";
				CLANG_CXX_LIBRARY = "libc++";
				CLANG_ENABLE_MODULES = YES;
				CLANG_ENABLE_OBJC_ARC = YES;
				CLANG_WARN_BLOCK_CAPTURE_AUTORELEASING = YES;
				CLANG_WARN_BOOL_CONVERSION = YES;
				CLANG_WARN_COMMA = YES;
				CLANG_WARN_CONSTANT_CONVERSION = YES;
				CLANG_WARN_DIRECT_OBJC_ISA_USAGE = YES_ERROR;
				CLANG_WARN_DOCUMENTATION_COMMENTS = YES;
				CLANG_WARN_EMPTY_BODY = YES;
				CLANG_WARN_ENUM_CONVERSION = YES;
				CLANG_WARN_INFINITE_RECURSION = YES;
				CLANG_WARN_INT_CONVERSION = YES;
				CLANG_WARN_NON_LITERAL_NULL_CONVERSION = YES;
				CLANG_WARN_OBJC_LITERAL_CONVERSION = YES;
				CLANG_WARN_OBJC_ROOT_CLASS = YES_ERROR;
				CLANG_WARN_RANGE_LOOP_ANALYSIS = YES;
				CLANG_WARN_STRICT_PROTOTYPES = YES;
				CLANG_WARN_SUSPICIOUS_MOVE = YES;
				CLANG_WARN_UNGUARDED_AVAILABILITY = YES_AGGRESSIVE;
				CLANG_WARN_UNREACHABLE_CODE = YES;
				CLANG_WARN__DUPLICATE_METHOD_MATCH = YES;
				CODE_SIGN_IDENTITY = "iPhone Developer";
				COPY_PHASE_STRIP = NO;
				DEBUG_INFORMATION_FORMAT = dwarf;
				ENABLE_STRICT_OBJC_MSGSEND = YES;
				ENABLE_TESTABILITY = YES;
				GCC_C_LANGUAGE_STANDARD = gnu11;
				GCC_DYNAMIC_NO_PIC = NO;
				GCC_NO_COMMON_BLOCKS = YES;
				GCC_OPTIMIZATION_LEVEL = 0;
				GCC_PREPROCESSOR_DEFINITIONS = (
					"DEBUG=1",
					"$(inherited)",
				);
				GCC_WARN_64_TO_32_BIT_CONVERSION = YES;
				GCC_WARN_ABOUT_RETURN_TYPE = YES_ERROR;
				GCC_WARN_UNDECLARED_SELECTOR = YES;
				GCC_WARN_UNINITIALIZED_AUTOS = YES_AGGRESSIVE;
				GCC_WARN_UNUSED_FUNCTION = YES;
				GCC_WARN_UNUSED_VARIABLE = YES;
				IPHONEOS_DEPLOYMENT_TARGET = 11.2;
				MTL_ENABLE_DEBUG_INFO = YES;
				ONLY_ACTIVE_ARCH = YES;
				SDKROOT = iphoneos;
				SWIFT_ACTIVE_COMPILATION_CONDITIONS = DEBUG;
				SWIFT_OPTIMIZATION_LEVEL = "-Onone";
			};
			name = Debug;
		};
		C76D31762080FD4700CAFC05 /* Release */ = {
			isa = XCBuildConfiguration;
			buildSettings = {
				ALWAYS_SEARCH_USER_PATHS = NO;
				CLANG_ANALYZER_NONNULL = YES;
				CLANG_ANALYZER_NUMBER_OBJECT_CONVERSION = YES_AGGRESSIVE;
				CLANG_CXX_LANGUAGE_STANDARD = "gnu++14";
				CLANG_CXX_LIBRARY = "libc++";
				CLANG_ENABLE_MODULES = YES;
				CLANG_ENABLE_OBJC_ARC = YES;
				CLANG_WARN_BLOCK_CAPTURE_AUTORELEASING = YES;
				CLANG_WARN_BOOL_CONVERSION = YES;
				CLANG_WARN_COMMA = YES;
				CLANG_WARN_CONSTANT_CONVERSION = YES;
				CLANG_WARN_DIRECT_OBJC_ISA_USAGE = YES_ERROR;
				CLANG_WARN_DOCUMENTATION_COMMENTS = YES;
				CLANG_WARN_EMPTY_BODY = YES;
				CLANG_WARN_ENUM_CONVERSION = YES;
				CLANG_WARN_INFINITE_RECURSION = YES;
				CLANG_WARN_INT_CONVERSION = YES;
				CLANG_WARN_NON_LITERAL_NULL_CONVERSION = YES;
				CLANG_WARN_OBJC_LITERAL_CONVERSION = YES;
				CLANG_WARN_OBJC_ROOT_CLASS = YES_ERROR;
				CLANG_WARN_RANGE_LOOP_ANALYSIS = YES;
				CLANG_WARN_STRICT_PROTOTYPES = YES;
				CLANG_WARN_SUSPICIOUS_MOVE = YES;
				CLANG_WARN_UNGUARDED_AVAILABILITY = YES_AGGRESSIVE;
				CLANG_WARN_UNREACHABLE_CODE = YES;
				CLANG_WARN__DUPLICATE_METHOD_MATCH = YES;
				CODE_SIGN_IDENTITY = "iPhone Developer";
				COPY_PHASE_STRIP = NO;
				DEBUG_INFORMATION_FORMAT = "dwarf-with-dsym";
				ENABLE_NS_ASSERTIONS = NO;
				ENABLE_STRICT_OBJC_MSGSEND = YES;
				GCC_C_LANGUAGE_STANDARD = gnu11;
				GCC_NO_COMMON_BLOCKS = YES;
				GCC_WARN_64_TO_32_BIT_CONVERSION = YES;
				GCC_WARN_ABOUT_RETURN_TYPE = YES_ERROR;
				GCC_WARN_UNDECLARED_SELECTOR = YES;
				GCC_WARN_UNINITIALIZED_AUTOS = YES_AGGRESSIVE;
				GCC_WARN_UNUSED_FUNCTION = YES;
				GCC_WARN_UNUSED_VARIABLE = YES;
				IPHONEOS_DEPLOYMENT_TARGET = 11.2;
				MTL_ENABLE_DEBUG_INFO = NO;
				SDKROOT = iphoneos;
				SWIFT_OPTIMIZATION_LEVEL = "-Owholemodule";
				VALIDATE_PRODUCT = YES;
			};
			name = Release;
		};
		C76D31782080FD4700CAFC05 /* Debug */ = {
			isa = XCBuildConfiguration;
			baseConfigurationReference = A5294C741A29637440E28F1A /* Pods-segundoitoverdadero.debug.xcconfig */;
			buildSettings = {
				ASSETCATALOG_COMPILER_APPICON_NAME = AppIcon;
				CODE_SIGN_STYLE = Automatic;
				INFOPLIST_FILE = segundoitoverdadero/Info.plist;
				LD_RUNPATH_SEARCH_PATHS = "$(inherited) @executable_path/Frameworks";
				PRODUCT_BUNDLE_IDENTIFIER = none.segundoitoverdadero;
				PRODUCT_NAME = "$(TARGET_NAME)";
				SWIFT_VERSION = 4.0;
				TARGETED_DEVICE_FAMILY = "1,2";
			};
			name = Debug;
		};
		C76D31792080FD4700CAFC05 /* Release */ = {
			isa = XCBuildConfiguration;
			baseConfigurationReference = 9695061AB3D9D75B7CFEFBFB /* Pods-segundoitoverdadero.release.xcconfig */;
			buildSettings = {
				ASSETCATALOG_COMPILER_APPICON_NAME = AppIcon;
				CODE_SIGN_STYLE = Automatic;
				INFOPLIST_FILE = segundoitoverdadero/Info.plist;
				LD_RUNPATH_SEARCH_PATHS = "$(inherited) @executable_path/Frameworks";
				PRODUCT_BUNDLE_IDENTIFIER = none.segundoitoverdadero;
				PRODUCT_NAME = "$(TARGET_NAME)";
				SWIFT_VERSION = 4.0;
				TARGETED_DEVICE_FAMILY = "1,2";
			};
			name = Release;
		};
		C76D317B2080FD4700CAFC05 /* Debug */ = {
			isa = XCBuildConfiguration;
			buildSettings = {
				ALWAYS_EMBED_SWIFT_STANDARD_LIBRARIES = YES;
				BUNDLE_LOADER = "$(TEST_HOST)";
				CODE_SIGN_STYLE = Automatic;
				INFOPLIST_FILE = segundoitoverdaderoTests/Info.plist;
				LD_RUNPATH_SEARCH_PATHS = "$(inherited) @executable_path/Frameworks @loader_path/Frameworks";
				PRODUCT_BUNDLE_IDENTIFIER = none.segundoitoverdaderoTests;
				PRODUCT_NAME = "$(TARGET_NAME)";
				SWIFT_VERSION = 4.0;
				TARGETED_DEVICE_FAMILY = "1,2";
				TEST_HOST = "$(BUILT_PRODUCTS_DIR)/segundoitoverdadero.app/segundoitoverdadero";
			};
			name = Debug;
		};
		C76D317C2080FD4700CAFC05 /* Release */ = {
			isa = XCBuildConfiguration;
			buildSettings = {
				ALWAYS_EMBED_SWIFT_STANDARD_LIBRARIES = YES;
				BUNDLE_LOADER = "$(TEST_HOST)";
				CODE_SIGN_STYLE = Automatic;
				INFOPLIST_FILE = segundoitoverdaderoTests/Info.plist;
				LD_RUNPATH_SEARCH_PATHS = "$(inherited) @executable_path/Frameworks @loader_path/Frameworks";
				PRODUCT_BUNDLE_IDENTIFIER = none.segundoitoverdaderoTests;
				PRODUCT_NAME = "$(TARGET_NAME)";
				SWIFT_VERSION = 4.0;
				TARGETED_DEVICE_FAMILY = "1,2";
				TEST_HOST = "$(BUILT_PRODUCTS_DIR)/segundoitoverdadero.app/segundoitoverdadero";
			};
			name = Release;
		};
		C76D317E2080FD4700CAFC05 /* Debug */ = {
			isa = XCBuildConfiguration;
			buildSettings = {
				ALWAYS_EMBED_SWIFT_STANDARD_LIBRARIES = YES;
				CODE_SIGN_STYLE = Automatic;
				INFOPLIST_FILE = segundoitoverdaderoUITests/Info.plist;
				LD_RUNPATH_SEARCH_PATHS = "$(inherited) @executable_path/Frameworks @loader_path/Frameworks";
				PRODUCT_BUNDLE_IDENTIFIER = none.segundoitoverdaderoUITests;
				PRODUCT_NAME = "$(TARGET_NAME)";
				SWIFT_VERSION = 4.0;
				TARGETED_DEVICE_FAMILY = "1,2";
				TEST_TARGET_NAME = segundoitoverdadero;
			};
			name = Debug;
		};
		C76D317F2080FD4700CAFC05 /* Release */ = {
			isa = XCBuildConfiguration;
			buildSettings = {
				ALWAYS_EMBED_SWIFT_STANDARD_LIBRARIES = YES;
				CODE_SIGN_STYLE = Automatic;
				INFOPLIST_FILE = segundoitoverdaderoUITests/Info.plist;
				LD_RUNPATH_SEARCH_PATHS = "$(inherited) @executable_path/Frameworks @loader_path/Frameworks";
				PRODUCT_BUNDLE_IDENTIFIER = none.segundoitoverdaderoUITests;
				PRODUCT_NAME = "$(TARGET_NAME)";
				SWIFT_VERSION = 4.0;
				TARGETED_DEVICE_FAMILY = "1,2";
				TEST_TARGET_NAME = segundoitoverdadero;
			};
			name = Release;
		};
/* End XCBuildConfiguration section */

/* Begin XCConfigurationList section */
		C76D314A2080FD4700CAFC05 /* Build configuration list for PBXProject "segundoitoverdadero" */ = {
			isa = XCConfigurationList;
			buildConfigurations = (
				C76D31752080FD4700CAFC05 /* Debug */,
				C76D31762080FD4700CAFC05 /* Release */,
			);
			defaultConfigurationIsVisible = 0;
			defaultConfigurationName = Release;
		};
		C76D31772080FD4700CAFC05 /* Build configuration list for PBXNativeTarget "segundoitoverdadero" */ = {
			isa = XCConfigurationList;
			buildConfigurations = (
				C76D31782080FD4700CAFC05 /* Debug */,
				C76D31792080FD4700CAFC05 /* Release */,
			);
			defaultConfigurationIsVisible = 0;
			defaultConfigurationName = Release;
		};
		C76D317A2080FD4700CAFC05 /* Build configuration list for PBXNativeTarget "segundoitoverdaderoTests" */ = {
			isa = XCConfigurationList;
			buildConfigurations = (
				C76D317B2080FD4700CAFC05 /* Debug */,
				C76D317C2080FD4700CAFC05 /* Release */,
			);
			defaultConfigurationIsVisible = 0;
			defaultConfigurationName = Release;
		};
		C76D317D2080FD4700CAFC05 /* Build configuration list for PBXNativeTarget "segundoitoverdaderoUITests" */ = {
			isa = XCConfigurationList;
			buildConfigurations = (
				C76D317E2080FD4700CAFC05 /* Debug */,
				C76D317F2080FD4700CAFC05 /* Release */,
			);
			defaultConfigurationIsVisible = 0;
			defaultConfigurationName = Release;
		};
/* End XCConfigurationList section */
	};
	rootObject = C76D31472080FD4700CAFC05 /* Project object */;
}
